
Microsoft Visual Studio Solution File, Format Version 12.00
# Visual Studio 15
VisualStudioVersion = 15.0.26730.15
MinimumVisualStudioVersion = 10.0.40219.1
Project("{FAE04EC0-301F-11D3-BF4B-00C04F79EFBC}") = "PH1em", "PH1em\PH1em.csproj", "{FE43E994-E370-4F4E-B54A-4D769F8BDE0B}"
EndProject
Global
	GlobalSection(SolutionConfigurationPlatforms) = preSolution
		Debug|Any CPU = Debug|Any CPU
		Release|Any CPU = Release|Any CPU
	EndGlobalSection
	GlobalSection(ProjectConfigurationPlatforms) = postSolution
		{FE43E994-E370-4F4E-B54A-4D769F8BDE0B}.Debug|Any CPU.ActiveCfg = Debug|Any CPU
		{FE43E994-E370-4F4E-B54A-4D769F8BDE0B}.Debug|Any CPU.Build.0 = Debug|Any CPU
		{FE43E994-E370-4F4E-B54A-4D769F8BDE0B}.Release|Any CPU.ActiveCfg = Release|Any CPU
		{FE43E994-E370-4F4E-B54A-4D769F8BDE0B}.Release|Any CPU.Build.0 = Release|Any CPU
	EndGlobalSection
	GlobalSection(SolutionProperties) = preSolution
		HideSolutionNode = FALSE
	EndGlobalSection
	GlobalSection(ExtensibilityGlobals) = postSolution
		SolutionGuid = {6134B36A-1AAC-4C47-A1AB-E1356877F985}
	EndGlobalSection
EndGlobal
